{
  "version": "5",
  "specifiers": {
    "jsr:@bandeira-tech/b3nd-sdk@*": "0.4.0",
    "jsr:@hono/hono@4": "4.11.3"
  },
  "jsr": {
    "@bandeira-tech/b3nd-sdk@0.4.0": {
      "integrity": "02b865eaa814c12bcee0cc8289dfe0014abe9c1edb02e853bfedce899f53f312"
    },
    "@hono/hono@4.11.3": {
      "integrity": "de7f245516a970c60c6f4bf5b0f1585efbee38ee4e01171994c2b9d69d035d70"
    }
  }
}
